{
  "lockfileVersion": 1,
  "dependencies": {
    "co": {
      "version": "3.1.0",
      "resolved": "https://registry.npmjs.org/co/-/co-3.1.0.tgz",
      "integrity": "sha1-TqVOpaCJOBUxheFSEMaNkJK8G3g="
    },
    "irregular-plurals": {
      "version": "1.2.0",
      "resolved": "https://registry.npmjs.org/irregular-plurals/-/irregular-plurals-1.2.0.tgz",
      "integrity": "sha1-OPKZg0uowAwwvpxVThNyaXUv86w="
    },
    "mdast-comment-marker": {
      "version": "1.0.2",
      "resolved": "https://registry.npmjs.org/mdast-comment-marker/-/mdast-comment-marker-1.0.2.tgz",
      "integrity": "sha1-Hd8O+BH7UkOQF8jSwLkiA18rp0o="
    },
    "mdast-util-heading-style": {
      "version": "1.0.2",
      "resolved": "https://registry.npmjs.org/mdast-util-heading-style/-/mdast-util-heading-style-1.0.2.tgz",
      "integrity": "sha1-FLfPKAKIHQmvDP3OQgJta8WE//E="
    },
    "mdast-util-to-string": {
      "version": "1.0.2",
      "resolved": "https://registry.npmjs.org/mdast-util-to-string/-/mdast-util-to-string-1.0.2.tgz",
      "integrity": "sha1-3JlqJNK1IReNP6w5k2gMA6aD4d0="
    },
    "plur": {
      "version": "2.1.2",
      "resolved": "https://registry.npmjs.org/plur/-/plur-2.1.2.tgz",
      "integrity": "sha1-dIJFLBoPUI4+NE6uwxLJHCncZVo="
    },
    "remark-lint": {
      "version": "6.0.0",
      "resolved": "https://registry.npmjs.org/remark-lint/-/remark-lint-6.0.0.tgz",
      "integrity": "sha1-6YJM+REvq38DkVkU8F6wFfEXBD8="
    },
    "remark-lint-blockquote-indentation": {
      "version": "1.0.0",
      "resolved": "https://registry.npmjs.org/remark-lint-blockquote-indentation/-/remark-lint-blockquote-indentation-1.0.0.tgz",
      "integrity": "sha1-Es+At6qXgsWRh50cVWOTS+PkRmg="
    },
    "remark-lint-code-block-style": {
      "version": "1.0.0",
      "resolved": "https://registry.npmjs.org/remark-lint-code-block-style/-/remark-lint-code-block-style-1.0.0.tgz",
      "integrity": "sha1-FWlllI6IFIbSzFQOKGOmGdydllk="
    },
    "remark-lint-emphasis-marker": {
      "version": "1.0.0",
      "resolved": "https://registry.npmjs.org/remark-lint-emphasis-marker/-/remark-lint-emphasis-marker-1.0.0.tgz",
      "integrity": "sha1-aPe9A77T5AbOtdnDn8+pZi8o0uk="
    },
    "remark-lint-fenced-code-marker": {
      "version": "1.0.0",
      "resolved": "https://registry.npmjs.org/remark-lint-fenced-code-marker/-/remark-lint-fenced-code-marker-1.0.0.tgz",
      "integrity": "sha1-HPcLcU569je1ds3P2Q2GC2JB/PM="
    },
    "remark-lint-final-newline": {
      "version": "1.0.0",
      "resolved": "https://registry.npmjs.org/remark-lint-final-newline/-/remark-lint-final-newline-1.0.0.tgz",
      "integrity": "sha1-jZNVArRDhLmHFqj+EJ5EJy63IyE="
    },
    "remark-lint-heading-style": {
      "version": "1.0.0",
      "resolved": "https://registry.npmjs.org/remark-lint-heading-style/-/remark-lint-heading-style-1.0.0.tgz",
      "integrity": "sha1-pnv6yLF1v8yIkY0Cyvkj/DuatcQ="
    },
    "remark-lint-link-title-style": {
      "version": "1.0.0",
      "resolved": "https://registry.npmjs.org/remark-lint-link-title-style/-/remark-lint-link-title-style-1.0.0.tgz",
      "integrity": "sha1-jczzLAc5f1HMRLacVYsLEiWDH7U="
    },
    "remark-lint-list-item-bullet-indent": {
      "version": "1.0.0",
      "resolved": "https://registry.npmjs.org/remark-lint-list-item-bullet-indent/-/remark-lint-list-item-bullet-indent-1.0.0.tgz",
      "integrity": "sha1-JEOrNgo95knpZuzLQTysZD5JR80="
    },
    "remark-lint-list-item-indent": {
      "version": "1.0.0",
      "resolved": "https://registry.npmjs.org/remark-lint-list-item-indent/-/remark-lint-list-item-indent-1.0.0.tgz",
      "integrity": "sha1-TQ9EtiuHNVcaxnjEPJ0snLj2n28="
    },
    "remark-lint-list-item-spacing": {
      "version": "1.0.0",
      "resolved": "https://registry.npmjs.org/remark-lint-list-item-spacing/-/remark-lint-list-item-spacing-1.0.0.tgz",
      "integrity": "sha1-ab1uOhNCbaYlqf31wVQrVrdy/eI="
    },
    "remark-lint-maximum-heading-length": {
      "version": "1.0.0",
      "resolved": "https://registry.npmjs.org/remark-lint-maximum-heading-length/-/remark-lint-maximum-heading-length-1.0.0.tgz",
      "integrity": "sha1-JU2OGj/u37NeKaWHGB7E7qdj5II="
    },
    "remark-lint-no-consecutive-blank-lines": {
      "version": "1.0.0",
      "resolved": "https://registry.npmjs.org/remark-lint-no-consecutive-blank-lines/-/remark-lint-no-consecutive-blank-lines-1.0.0.tgz",
      "integrity": "sha1-A6P2B0ypYLfNbpMWld66SOZK15c="
    },
    "remark-lint-no-duplicate-headings": {
      "version": "1.0.0",
      "resolved": "https://registry.npmjs.org/remark-lint-no-duplicate-headings/-/remark-lint-no-duplicate-headings-1.0.0.tgz",
      "integrity": "sha1-QcLRGfmqOO5BbMsnR4+x39n/po0="
    },
    "remark-lint-no-emphasis-as-heading": {
      "version": "1.0.0",
      "resolved": "https://registry.npmjs.org/remark-lint-no-emphasis-as-heading/-/remark-lint-no-emphasis-as-heading-1.0.0.tgz",
      "integrity": "sha1-UMeC+msbYmHUc3HGup2vPS19Tbg="
    },
    "remark-lint-no-empty-url": {
      "version": "1.0.0",
      "resolved": "https://registry.npmjs.org/remark-lint-no-empty-url/-/remark-lint-no-empty-url-1.0.0.tgz",
      "integrity": "sha1-T9FzBqw5meePwGWBHwx4GULdqsU="
    },
    "remark-lint-no-heading-content-indent": {
      "version": "1.0.0",
      "resolved": "https://registry.npmjs.org/remark-lint-no-heading-content-indent/-/remark-lint-no-heading-content-indent-1.0.0.tgz",
      "integrity": "sha1-onGv2WZNbk93WzZhJPKXO/sfRTU="
    },
    "remark-lint-no-heading-indent": {
      "version": "1.0.0",
      "resolved": "https://registry.npmjs.org/remark-lint-no-heading-indent/-/remark-lint-no-heading-indent-1.0.0.tgz",
      "integrity": "sha1-jegwnKv9o4sbQGf01+WSc9Or9D4="
    },
    "remark-lint-no-heading-like-paragraph": {
      "version": "1.0.0",
      "resolved": "https://registry.npmjs.org/remark-lint-no-heading-like-paragraph/-/remark-lint-no-heading-like-paragraph-1.0.0.tgz",
      "integrity": "sha1-GpN9rjJht9x6gTHFQXGtH4W4+PY="
    },
    "remark-lint-no-html": {
      "version": "1.0.0",
      "resolved": "https://registry.npmjs.org/remark-lint-no-html/-/remark-lint-no-html-1.0.0.tgz",
      "integrity": "sha1-6MnR2xFHJF4LTlkB5bxQ6hgvnKk="
    },
    "remark-lint-no-inline-padding": {
      "version": "1.0.0",
      "resolved": "https://registry.npmjs.org/remark-lint-no-inline-padding/-/remark-lint-no-inline-padding-1.0.0.tgz",
      "integrity": "sha1-1fpFqghvPVwFSPstEaAglQ4uQrw="
    },
    "remark-lint-no-literal-urls": {
      "version": "1.0.0",
      "resolved": "https://registry.npmjs.org/remark-lint-no-literal-urls/-/remark-lint-no-literal-urls-1.0.0.tgz",
      "integrity": "sha1-ykN+8mZhiJE0GJXW0Pq2zS7jfzs="
    },
    "remark-lint-no-missing-blank-lines": {
      "version": "1.0.0",
      "resolved": "https://registry.npmjs.org/remark-lint-no-missing-blank-lines/-/remark-lint-no-missing-blank-lines-1.0.0.tgz",
      "integrity": "sha1-q0Mo4Ma79rSrTLNiW6AETEq6RGg="
    },
    "remark-lint-no-tabs": {
      "version": "1.0.0",
      "resolved": "https://registry.npmjs.org/remark-lint-no-tabs/-/remark-lint-no-tabs-1.0.0.tgz",
      "integrity": "sha1-zz0BBlmdaUEUerFO9G7vFIoKL/U="
    },
    "remark-lint-ordered-list-marker-style": {
      "version": "1.0.0",
      "resolved": "https://registry.npmjs.org/remark-lint-ordered-list-marker-style/-/remark-lint-ordered-list-marker-style-1.0.0.tgz",
      "integrity": "sha1-C0hu+5r0q8VkbHpYvyI5PH0iIKE="
    },
    "remark-lint-ordered-list-marker-value": {
      "version": "1.0.0",
      "resolved": "https://registry.npmjs.org/remark-lint-ordered-list-marker-value/-/remark-lint-ordered-list-marker-value-1.0.0.tgz",
      "integrity": "sha1-/f4IzCQCgHZAgag6vCR/ucEtXTA="
    },
    "remark-lint-strong-marker": {
      "version": "1.0.0",
      "resolved": "https://registry.npmjs.org/remark-lint-strong-marker/-/remark-lint-strong-marker-1.0.0.tgz",
      "integrity": "sha1-zoTQ+TNkEjNPXynVwncwTRBoPro="
    },
    "remark-lint-unordered-list-marker-style": {
      "version": "1.0.0",
      "resolved": "https://registry.npmjs.org/remark-lint-unordered-list-marker-style/-/remark-lint-unordered-list-marker-style-1.0.0.tgz",
      "integrity": "sha1-eMPqlatViLghb2wNWIGX44cfvuo="
    },
    "remark-message-control": {
      "version": "4.0.0",
      "resolved": "https://registry.npmjs.org/remark-message-control/-/remark-message-control-4.0.0.tgz",
      "integrity": "sha1-/TB6G7l1lWqLKiHAJu7Q7wJOB/I="
    },
    "remark-preset-lint-make-school": {
      "version": "1.0.4",
      "resolved": "https://registry.npmjs.org/remark-preset-lint-make-school/-/remark-preset-lint-make-school-1.0.4.tgz",
      "integrity": "sha1-qRXKSSwIHew9yMpLTqVuyAiKxIg="
    },
    "sliced": {
      "version": "1.0.1",
      "resolved": "https://registry.npmjs.org/sliced/-/sliced-1.0.1.tgz",
      "integrity": "sha1-CzpmK10Ewxd7GSa+qCsD+Dei70E="
    },
    "trim": {
      "version": "0.0.1",
      "resolved": "https://registry.npmjs.org/trim/-/trim-0.0.1.tgz",
      "integrity": "sha1-WFhUf2spB1fulczMZm+1AITEYN0="
    },
    "unified-lint-rule": {
      "version": "1.0.1",
      "resolved": "https://registry.npmjs.org/unified-lint-rule/-/unified-lint-rule-1.0.1.tgz",
      "integrity": "sha1-G/cz1A5me/GRXHFWqDZj7QBmbFc="
    },
    "unist-util-generated": {
      "version": "1.1.0",
      "resolved": "https://registry.npmjs.org/unist-util-generated/-/unist-util-generated-1.1.0.tgz",
      "integrity": "sha1-jJVlf/ErMur/4HMfuzfaaZX64Bs="
    },
    "unist-util-position": {
      "version": "3.0.0",
      "resolved": "https://registry.npmjs.org/unist-util-position/-/unist-util-position-3.0.0.tgz",
      "integrity": "sha1-5uHgPu64HF4a/lU+jUrfvXwNj4I="
    },
    "unist-util-visit": {
      "version": "1.1.1",
      "resolved": "https://registry.npmjs.org/unist-util-visit/-/unist-util-visit-1.1.1.tgz",
      "integrity": "sha1-6RejsTdlizNctEIMfaLnTZKOTpQ="
    },
    "vfile-location": {
      "version": "2.0.1",
      "resolved": "https://registry.npmjs.org/vfile-location/-/vfile-location-2.0.1.tgz",
      "integrity": "sha1-C/iBb3MrD4vZAqVv2kxiyOk13FI="
    },
    "wrapped": {
      "version": "1.0.1",
      "resolved": "https://registry.npmjs.org/wrapped/-/wrapped-1.0.1.tgz",
      "integrity": "sha1-x4PZ2Aeyc+mwHoUWgKk4yHyQckI="
    }
  }
}
